
Microsoft Visual Studio Solution File, Format Version 12.00
# Visual Studio Version 17
VisualStudioVersion = 17.4.33213.308
MinimumVisualStudioVersion = 10.0.40219.1
Project("{9A19103F-16F7-4668-BE54-9A1E7A4F7556}") = "PayrollAPI", "PayrollAPI\PayrollAPI.csproj", "{91CFBBAF-A619-4E53-9F2E-8DCD47ECA252}"
EndProject
Project("{9A19103F-16F7-4668-BE54-9A1E7A4F7556}") = "PayrollAPI.Tests", "PayrollAPI.Tests\PayrollAPI.Tests.csproj", "{08A0ADE3-E74C-4278-8EB1-78C28C700F4F}"
EndProject
Project("{FAE04EC0-301F-11D3-BF4B-00C04F79EFBC}") = "Leave.Contracts", "Leave.Contracts\Leave.Contracts.csproj", "{20F41034-7B34-437F-A312-EB0AEE3092DA}"
EndProject
Global
	GlobalSection(SolutionConfigurationPlatforms) = preSolution
		Debug|Any CPU = Debug|Any CPU
		Release|Any CPU = Release|Any CPU
	EndGlobalSection
	GlobalSection(ProjectConfigurationPlatforms) = postSolution
		{91CFBBAF-A619-4E53-9F2E-8DCD47ECA252}.Debug|Any CPU.ActiveCfg = Debug|Any CPU
		{91CFBBAF-A619-4E53-9F2E-8DCD47ECA252}.Debug|Any CPU.Build.0 = Debug|Any CPU
		{91CFBBAF-A619-4E53-9F2E-8DCD47ECA252}.Release|Any CPU.ActiveCfg = Release|Any CPU
		{91CFBBAF-A619-4E53-9F2E-8DCD47ECA252}.Release|Any CPU.Build.0 = Release|Any CPU
		{08A0ADE3-E74C-4278-8EB1-78C28C700F4F}.Debug|Any CPU.ActiveCfg = Debug|Any CPU
		{08A0ADE3-E74C-4278-8EB1-78C28C700F4F}.Debug|Any CPU.Build.0 = Debug|Any CPU
		{08A0ADE3-E74C-4278-8EB1-78C28C700F4F}.Release|Any CPU.ActiveCfg = Release|Any CPU
		{08A0ADE3-E74C-4278-8EB1-78C28C700F4F}.Release|Any CPU.Build.0 = Release|Any CPU
		{20F41034-7B34-437F-A312-EB0AEE3092DA}.Debug|Any CPU.ActiveCfg = Debug|Any CPU
		{20F41034-7B34-437F-A312-EB0AEE3092DA}.Debug|Any CPU.Build.0 = Debug|Any CPU
		{20F41034-7B34-437F-A312-EB0AEE3092DA}.Release|Any CPU.ActiveCfg = Release|Any CPU
		{20F41034-7B34-437F-A312-EB0AEE3092DA}.Release|Any CPU.Build.0 = Release|Any CPU
	EndGlobalSection
	GlobalSection(SolutionProperties) = preSolution
		HideSolutionNode = FALSE
	EndGlobalSection
	GlobalSection(ExtensibilityGlobals) = postSolution
		SolutionGuid = {8B43C2C6-E9C2-4765-B42D-2D3ED2C2262C}
	EndGlobalSection
EndGlobal
